
Microsoft Visual Studio Solution File, Format Version 12.00
# Visual Studio 15
Project("{FAE04EC0-301F-11D3-BF4B-00C04F79EFBC}") = "Assembly-CSharp", "Assembly-CSharp.csproj", "{0CECB9B5-2657-EC35-5E65-EC3B50D4D931}"
EndProject
Project("{FAE04EC0-301F-11D3-BF4B-00C04F79EFBC}") = "Oculus.VR", "Oculus.VR.csproj", "{E4FF10B7-3B81-BEB1-466E-CA4CACF155D5}"
EndProject
Project("{FAE04EC0-301F-11D3-BF4B-00C04F79EFBC}") = "Assembly-CSharp-Editor", "Assembly-CSharp-Editor.csproj", "{F47C16A8-3E86-DC68-59C9-46A6A4FA7C14}"
EndProject
Project("{FAE04EC0-301F-11D3-BF4B-00C04F79EFBC}") = "Oculus.VR.Scripts.Editor", "Oculus.VR.Scripts.Editor.csproj", "{4C17E30F-148C-7602-21A9-71A4E0ECE62B}"
EndProject
Project("{FAE04EC0-301F-11D3-BF4B-00C04F79EFBC}") = "Oculus.VR.Editor", "Oculus.VR.Editor.csproj", "{17BDA521-8337-6859-ECE2-07406C83546A}"
EndProject
Global
	GlobalSection(SolutionConfigurationPlatforms) = preSolution
		Debug|Any CPU = Debug|Any CPU
		Release|Any CPU = Release|Any CPU
	EndGlobalSection
	GlobalSection(ProjectConfigurationPlatforms) = postSolution
		{0CECB9B5-2657-EC35-5E65-EC3B50D4D931}.Debug|Any CPU.ActiveCfg = Debug|Any CPU
		{0CECB9B5-2657-EC35-5E65-EC3B50D4D931}.Debug|Any CPU.Build.0 = Debug|Any CPU
		{0CECB9B5-2657-EC35-5E65-EC3B50D4D931}.Release|Any CPU.ActiveCfg = Release|Any CPU
		{0CECB9B5-2657-EC35-5E65-EC3B50D4D931}.Release|Any CPU.Build.0 = Release|Any CPU
		{E4FF10B7-3B81-BEB1-466E-CA4CACF155D5}.Debug|Any CPU.ActiveCfg = Debug|Any CPU
		{E4FF10B7-3B81-BEB1-466E-CA4CACF155D5}.Debug|Any CPU.Build.0 = Debug|Any CPU
		{E4FF10B7-3B81-BEB1-466E-CA4CACF155D5}.Release|Any CPU.ActiveCfg = Release|Any CPU
		{E4FF10B7-3B81-BEB1-466E-CA4CACF155D5}.Release|Any CPU.Build.0 = Release|Any CPU
		{F47C16A8-3E86-DC68-59C9-46A6A4FA7C14}.Debug|Any CPU.ActiveCfg = Debug|Any CPU
		{F47C16A8-3E86-DC68-59C9-46A6A4FA7C14}.Debug|Any CPU.Build.0 = Debug|Any CPU
		{F47C16A8-3E86-DC68-59C9-46A6A4FA7C14}.Release|Any CPU.ActiveCfg = Release|Any CPU
		{F47C16A8-3E86-DC68-59C9-46A6A4FA7C14}.Release|Any CPU.Build.0 = Release|Any CPU
		{4C17E30F-148C-7602-21A9-71A4E0ECE62B}.Debug|Any CPU.ActiveCfg = Debug|Any CPU
		{4C17E30F-148C-7602-21A9-71A4E0ECE62B}.Debug|Any CPU.Build.0 = Debug|Any CPU
		{4C17E30F-148C-7602-21A9-71A4E0ECE62B}.Release|Any CPU.ActiveCfg = Release|Any CPU
		{4C17E30F-148C-7602-21A9-71A4E0ECE62B}.Release|Any CPU.Build.0 = Release|Any CPU
		{17BDA521-8337-6859-ECE2-07406C83546A}.Debug|Any CPU.ActiveCfg = Debug|Any CPU
		{17BDA521-8337-6859-ECE2-07406C83546A}.Debug|Any CPU.Build.0 = Debug|Any CPU
		{17BDA521-8337-6859-ECE2-07406C83546A}.Release|Any CPU.ActiveCfg = Release|Any CPU
		{17BDA521-8337-6859-ECE2-07406C83546A}.Release|Any CPU.Build.0 = Release|Any CPU
	EndGlobalSection
	GlobalSection(SolutionProperties) = preSolution
		HideSolutionNode = FALSE
	EndGlobalSection
EndGlobal
