
Microsoft Visual Studio Solution File, Format Version 12.00
# Visual Studio 15
Project("{FAE04EC0-301F-11D3-BF4B-00C04F79EFBC}") = "VRCrane", "VRCrane.csproj", "{47AA3F94-2628-12F0-DDE0-DB5F8583F429}"
EndProject
Project("{FAE04EC0-301F-11D3-BF4B-00C04F79EFBC}") = "Oculus.VR", "Oculus.VR.csproj", "{ABAA9E89-904E-F248-9658-14F9444302C5}"
EndProject
Project("{FAE04EC0-301F-11D3-BF4B-00C04F79EFBC}") = "VRCrane.Editor", "VRCrane.Editor.csproj", "{A84AAF9E-A621-C558-0B4B-6C9379F59333}"
EndProject
Project("{FAE04EC0-301F-11D3-BF4B-00C04F79EFBC}") = "Oculus.VR.Scripts.Editor", "Oculus.VR.Scripts.Editor.csproj", "{8DEDC9B6-1468-C3FB-4525-23AE84A2B54C}"
EndProject
Project("{FAE04EC0-301F-11D3-BF4B-00C04F79EFBC}") = "Oculus.VR.Editor", "Oculus.VR.Editor.csproj", "{9118B019-1FEF-914B-7CA9-E544A3C6DF5C}"
EndProject
Global
	GlobalSection(SolutionConfigurationPlatforms) = preSolution
		Debug|Any CPU = Debug|Any CPU
		Release|Any CPU = Release|Any CPU
	EndGlobalSection
	GlobalSection(ProjectConfigurationPlatforms) = postSolution
		{47AA3F94-2628-12F0-DDE0-DB5F8583F429}.Debug|Any CPU.ActiveCfg = Debug|Any CPU
		{47AA3F94-2628-12F0-DDE0-DB5F8583F429}.Debug|Any CPU.Build.0 = Debug|Any CPU
		{47AA3F94-2628-12F0-DDE0-DB5F8583F429}.Release|Any CPU.ActiveCfg = Release|Any CPU
		{47AA3F94-2628-12F0-DDE0-DB5F8583F429}.Release|Any CPU.Build.0 = Release|Any CPU
		{ABAA9E89-904E-F248-9658-14F9444302C5}.Debug|Any CPU.ActiveCfg = Debug|Any CPU
		{ABAA9E89-904E-F248-9658-14F9444302C5}.Debug|Any CPU.Build.0 = Debug|Any CPU
		{ABAA9E89-904E-F248-9658-14F9444302C5}.Release|Any CPU.ActiveCfg = Release|Any CPU
		{ABAA9E89-904E-F248-9658-14F9444302C5}.Release|Any CPU.Build.0 = Release|Any CPU
		{A84AAF9E-A621-C558-0B4B-6C9379F59333}.Debug|Any CPU.ActiveCfg = Debug|Any CPU
		{A84AAF9E-A621-C558-0B4B-6C9379F59333}.Debug|Any CPU.Build.0 = Debug|Any CPU
		{A84AAF9E-A621-C558-0B4B-6C9379F59333}.Release|Any CPU.ActiveCfg = Release|Any CPU
		{A84AAF9E-A621-C558-0B4B-6C9379F59333}.Release|Any CPU.Build.0 = Release|Any CPU
		{8DEDC9B6-1468-C3FB-4525-23AE84A2B54C}.Debug|Any CPU.ActiveCfg = Debug|Any CPU
		{8DEDC9B6-1468-C3FB-4525-23AE84A2B54C}.Debug|Any CPU.Build.0 = Debug|Any CPU
		{8DEDC9B6-1468-C3FB-4525-23AE84A2B54C}.Release|Any CPU.ActiveCfg = Release|Any CPU
		{8DEDC9B6-1468-C3FB-4525-23AE84A2B54C}.Release|Any CPU.Build.0 = Release|Any CPU
		{9118B019-1FEF-914B-7CA9-E544A3C6DF5C}.Debug|Any CPU.ActiveCfg = Debug|Any CPU
		{9118B019-1FEF-914B-7CA9-E544A3C6DF5C}.Debug|Any CPU.Build.0 = Debug|Any CPU
		{9118B019-1FEF-914B-7CA9-E544A3C6DF5C}.Release|Any CPU.ActiveCfg = Release|Any CPU
		{9118B019-1FEF-914B-7CA9-E544A3C6DF5C}.Release|Any CPU.Build.0 = Release|Any CPU
	EndGlobalSection
	GlobalSection(SolutionProperties) = preSolution
		HideSolutionNode = FALSE
	EndGlobalSection
EndGlobal
